
Microsoft Visual Studio Solution File, Format Version 12.00
# Visual Studio Version 17
VisualStudioVersion = 17.0.31903.59
MinimumVisualStudioVersion = 10.0.40219.1
Project("{FAE04EC0-301F-11D3-BF4B-00C04F79EFBC}") = "OrderManagement.Api", "OrderManagement.Api\OrderManagement.Api.csproj", "{63F34F3F-EC72-4022-B796-6F3F4480FBC7}"
EndProject
Project("{FAE04EC0-301F-11D3-BF4B-00C04F79EFBC}") = "OrderManagement.Shared", "OrderManagement.Shared\OrderManagement.Shared.csproj", "{CC3B38F8-7EBE-492F-8070-A05EEE47D3E5}"
EndProject
Project("{F2A71F9B-5D33-465A-A702-920D77279786}") = "OrderManagement.Features", "OrderManagement.Features\OrderManagement.Features.fsproj", "{91C69504-E0D5-4ACC-BA29-AE089B9B3FA4}"
EndProject
Project("{F2A71F9B-5D33-465A-A702-920D77279786}") = "OrderManagement.Features.Tests", "OrderManagement.Features.Tests\OrderManagement.Features.Tests.fsproj", "{CF9C7696-72F8-444A-AAA8-D319E4703383}"
EndProject
Project("{FAE04EC0-301F-11D3-BF4B-00C04F79EFBC}") = "OrderManagement.Api.Tests", "OrderManagement.Api.Tests\OrderManagement.Api.Tests.csproj", "{6D9113EC-B3FF-4E97-A59D-031483F240F7}"
EndProject
Global
	GlobalSection(SolutionConfigurationPlatforms) = preSolution
		Debug|Any CPU = Debug|Any CPU
		Release|Any CPU = Release|Any CPU
	EndGlobalSection
	GlobalSection(SolutionProperties) = preSolution
		HideSolutionNode = FALSE
	EndGlobalSection
	GlobalSection(ProjectConfigurationPlatforms) = postSolution
		{63F34F3F-EC72-4022-B796-6F3F4480FBC7}.Debug|Any CPU.ActiveCfg = Debug|Any CPU
		{63F34F3F-EC72-4022-B796-6F3F4480FBC7}.Debug|Any CPU.Build.0 = Debug|Any CPU
		{63F34F3F-EC72-4022-B796-6F3F4480FBC7}.Release|Any CPU.ActiveCfg = Release|Any CPU
		{63F34F3F-EC72-4022-B796-6F3F4480FBC7}.Release|Any CPU.Build.0 = Release|Any CPU
		{CC3B38F8-7EBE-492F-8070-A05EEE47D3E5}.Debug|Any CPU.ActiveCfg = Debug|Any CPU
		{CC3B38F8-7EBE-492F-8070-A05EEE47D3E5}.Debug|Any CPU.Build.0 = Debug|Any CPU
		{CC3B38F8-7EBE-492F-8070-A05EEE47D3E5}.Release|Any CPU.ActiveCfg = Release|Any CPU
		{CC3B38F8-7EBE-492F-8070-A05EEE47D3E5}.Release|Any CPU.Build.0 = Release|Any CPU
		{91C69504-E0D5-4ACC-BA29-AE089B9B3FA4}.Debug|Any CPU.ActiveCfg = Debug|Any CPU
		{91C69504-E0D5-4ACC-BA29-AE089B9B3FA4}.Debug|Any CPU.Build.0 = Debug|Any CPU
		{91C69504-E0D5-4ACC-BA29-AE089B9B3FA4}.Release|Any CPU.ActiveCfg = Release|Any CPU
		{91C69504-E0D5-4ACC-BA29-AE089B9B3FA4}.Release|Any CPU.Build.0 = Release|Any CPU
		{CF9C7696-72F8-444A-AAA8-D319E4703383}.Debug|Any CPU.ActiveCfg = Debug|Any CPU
		{CF9C7696-72F8-444A-AAA8-D319E4703383}.Debug|Any CPU.Build.0 = Debug|Any CPU
		{CF9C7696-72F8-444A-AAA8-D319E4703383}.Release|Any CPU.ActiveCfg = Release|Any CPU
		{CF9C7696-72F8-444A-AAA8-D319E4703383}.Release|Any CPU.Build.0 = Release|Any CPU
		{6D9113EC-B3FF-4E97-A59D-031483F240F7}.Debug|Any CPU.ActiveCfg = Debug|Any CPU
		{6D9113EC-B3FF-4E97-A59D-031483F240F7}.Debug|Any CPU.Build.0 = Debug|Any CPU
		{6D9113EC-B3FF-4E97-A59D-031483F240F7}.Release|Any CPU.ActiveCfg = Release|Any CPU
		{6D9113EC-B3FF-4E97-A59D-031483F240F7}.Release|Any CPU.Build.0 = Release|Any CPU
	EndGlobalSection
EndGlobal
